
Microsoft Visual Studio Solution File, Format Version 12.00
# Visual Studio 2013
Project("{FAE04EC0-301F-11D3-BF4B-00C04F79EFBC}") = "UnityVS.LD48_28.CSharp", "UnityVS.LD48_28.CSharp.csproj", "{FA324884-7521-8153-1309-116AD596DF46}"
EndProject
Project("{FAE04EC0-301F-11D3-BF4B-00C04F79EFBC}") = "UnityVS.LD48_28.CSharp.Editor", "UnityVS.LD48_28.CSharp.Editor.csproj", "{F6F35A98-C199-C3A4-091A-3A504377D492}"
EndProject
Global
	GlobalSection(SolutionConfigurationPlatforms) = preSolution
		Debug|Any CPU = Debug|Any CPU
		Release|Any CPU = Release|Any CPU
	EndGlobalSection
	GlobalSection(ProjectConfigurationPlatforms) = postSolution
		{FA324884-7521-8153-1309-116AD596DF46}.Debug|Any CPU.ActiveCfg = Debug|Any CPU
		{FA324884-7521-8153-1309-116AD596DF46}.Debug|Any CPU.Build.0 = Debug|Any CPU
		{FA324884-7521-8153-1309-116AD596DF46}.Release|Any CPU.ActiveCfg = Release|Any CPU
		{FA324884-7521-8153-1309-116AD596DF46}.Release|Any CPU.Build.0 = Release|Any CPU
		{F6F35A98-C199-C3A4-091A-3A504377D492}.Debug|Any CPU.ActiveCfg = Debug|Any CPU
		{F6F35A98-C199-C3A4-091A-3A504377D492}.Debug|Any CPU.Build.0 = Debug|Any CPU
		{F6F35A98-C199-C3A4-091A-3A504377D492}.Release|Any CPU.ActiveCfg = Release|Any CPU
		{F6F35A98-C199-C3A4-091A-3A504377D492}.Release|Any CPU.Build.0 = Release|Any CPU
	EndGlobalSection
	GlobalSection(SolutionProperties) = preSolution
		HideSolutionNode = FALSE
	EndGlobalSection
EndGlobal
